
Microsoft Visual Studio Solution File, Format Version 12.00
# Visual Studio Version 17
VisualStudioVersion = 17.7.34009.444
MinimumVisualStudioVersion = 10.0.40219.1
Project("{FAE04EC0-301F-11D3-BF4B-00C04F79EFBC}") = "test", "test\test.csproj", "{2516C609-2AA0-4099-9E89-DB46B33BA635}"
EndProject
Global
	GlobalSection(SolutionConfigurationPlatforms) = preSolution
		Debug|Any CPU = Debug|Any CPU
		Release|Any CPU = Release|Any CPU
	EndGlobalSection
	GlobalSection(ProjectConfigurationPlatforms) = postSolution
		{2516C609-2AA0-4099-9E89-DB46B33BA635}.Debug|Any CPU.ActiveCfg = Debug|Any CPU
		{2516C609-2AA0-4099-9E89-DB46B33BA635}.Debug|Any CPU.Build.0 = Debug|Any CPU
		{2516C609-2AA0-4099-9E89-DB46B33BA635}.Release|Any CPU.ActiveCfg = Release|Any CPU
		{2516C609-2AA0-4099-9E89-DB46B33BA635}.Release|Any CPU.Build.0 = Release|Any CPU
	EndGlobalSection
	GlobalSection(SolutionProperties) = preSolution
		HideSolutionNode = FALSE
	EndGlobalSection
	GlobalSection(ExtensibilityGlobals) = postSolution
		SolutionGuid = {F23E4D9B-60A3-4DD1-8328-B747AA14EDFC}
	EndGlobalSection
EndGlobal
